
Microsoft Visual Studio Solution File, Format Version 12.00
Project("{2150E333-8FDC-42A3-9474-1A3956D46DE8}") = "src", "src", "{827E0CD3-B72D-47B6-A68D-7590B98EB39B}"
EndProject
Project("{FAE04EC0-301F-11D3-BF4B-00C04F79EFBC}") = "SchoolHub.Domain", "src\SchoolHub.Domain\SchoolHub.Domain.csproj", "{022BA0DE-E1BC-4AF6-A2C8-EC2BF526A20C}"
EndProject
Project("{2150E333-8FDC-42A3-9474-1A3956D46DE8}") = "tests", "tests", "{0AB3BF05-4346-4AA6-1389-037BE0695223}"
EndProject
Project("{FAE04EC0-301F-11D3-BF4B-00C04F79EFBC}") = "SchoolHub.Domain.Tests", "tests\SchoolHub.Domain.Tests\SchoolHub.Domain.Tests.csproj", "{90C7D601-8CB5-488F-A3AC-762E5B7D700E}"
EndProject
Project("{FAE04EC0-301F-11D3-BF4B-00C04F79EFBC}") = "SchoolHub.Application.Tests", "tests\SchoolHub.Application.Tests\SchoolHub.Application.Tests.csproj", "{0241065C-7049-4BB9-8D0B-4A6EC11940EE}"
EndProject
Project("{FAE04EC0-301F-11D3-BF4B-00C04F79EFBC}") = "SchoolHub.Application", "src\SchoolHub.Application\SchoolHub.Application.csproj", "{8DC82410-10C0-40E7-8F38-B73D939F16C1}"
EndProject
Project("{FAE04EC0-301F-11D3-BF4B-00C04F79EFBC}") = "SchoolHub.Infrastructure", "src\SchoolHub.Infrastructure\SchoolHub.Infrastructure.csproj", "{0297D7F8-302E-4607-A59E-79BC446AECF7}"
EndProject
Project("{FAE04EC0-301F-11D3-BF4B-00C04F79EFBC}") = "SchoolHub.API", "src\SchoolHub.API\SchoolHub.API.csproj", "{E4B5E78C-9F1D-49E6-BC04-1F0D881722B3}"
EndProject
Global
	GlobalSection(SolutionConfigurationPlatforms) = preSolution
		Debug|Any CPU = Debug|Any CPU
		Debug|x64 = Debug|x64
		Debug|x86 = Debug|x86
		Release|Any CPU = Release|Any CPU
		Release|x64 = Release|x64
		Release|x86 = Release|x86
	EndGlobalSection
	GlobalSection(ProjectConfigurationPlatforms) = postSolution
		{022BA0DE-E1BC-4AF6-A2C8-EC2BF526A20C}.Debug|Any CPU.ActiveCfg = Debug|Any CPU
		{022BA0DE-E1BC-4AF6-A2C8-EC2BF526A20C}.Debug|Any CPU.Build.0 = Debug|Any CPU
		{022BA0DE-E1BC-4AF6-A2C8-EC2BF526A20C}.Debug|x64.ActiveCfg = Debug|Any CPU
		{022BA0DE-E1BC-4AF6-A2C8-EC2BF526A20C}.Debug|x64.Build.0 = Debug|Any CPU
		{022BA0DE-E1BC-4AF6-A2C8-EC2BF526A20C}.Debug|x86.ActiveCfg = Debug|Any CPU
		{022BA0DE-E1BC-4AF6-A2C8-EC2BF526A20C}.Debug|x86.Build.0 = Debug|Any CPU
		{022BA0DE-E1BC-4AF6-A2C8-EC2BF526A20C}.Release|Any CPU.ActiveCfg = Release|Any CPU
		{022BA0DE-E1BC-4AF6-A2C8-EC2BF526A20C}.Release|Any CPU.Build.0 = Release|Any CPU
		{022BA0DE-E1BC-4AF6-A2C8-EC2BF526A20C}.Release|x64.ActiveCfg = Release|Any CPU
		{022BA0DE-E1BC-4AF6-A2C8-EC2BF526A20C}.Release|x64.Build.0 = Release|Any CPU
		{022BA0DE-E1BC-4AF6-A2C8-EC2BF526A20C}.Release|x86.ActiveCfg = Release|Any CPU
		{022BA0DE-E1BC-4AF6-A2C8-EC2BF526A20C}.Release|x86.Build.0 = Release|Any CPU
		{90C7D601-8CB5-488F-A3AC-762E5B7D700E}.Debug|Any CPU.ActiveCfg = Debug|Any CPU
		{90C7D601-8CB5-488F-A3AC-762E5B7D700E}.Debug|Any CPU.Build.0 = Debug|Any CPU
		{90C7D601-8CB5-488F-A3AC-762E5B7D700E}.Debug|x64.ActiveCfg = Debug|Any CPU
		{90C7D601-8CB5-488F-A3AC-762E5B7D700E}.Debug|x64.Build.0 = Debug|Any CPU
		{90C7D601-8CB5-488F-A3AC-762E5B7D700E}.Debug|x86.ActiveCfg = Debug|Any CPU
		{90C7D601-8CB5-488F-A3AC-762E5B7D700E}.Debug|x86.Build.0 = Debug|Any CPU
		{90C7D601-8CB5-488F-A3AC-762E5B7D700E}.Release|Any CPU.ActiveCfg = Release|Any CPU
		{90C7D601-8CB5-488F-A3AC-762E5B7D700E}.Release|Any CPU.Build.0 = Release|Any CPU
		{90C7D601-8CB5-488F-A3AC-762E5B7D700E}.Release|x64.ActiveCfg = Release|Any CPU
		{90C7D601-8CB5-488F-A3AC-762E5B7D700E}.Release|x64.Build.0 = Release|Any CPU
		{90C7D601-8CB5-488F-A3AC-762E5B7D700E}.Release|x86.ActiveCfg = Release|Any CPU
		{90C7D601-8CB5-488F-A3AC-762E5B7D700E}.Release|x86.Build.0 = Release|Any CPU
		{0241065C-7049-4BB9-8D0B-4A6EC11940EE}.Debug|Any CPU.ActiveCfg = Debug|Any CPU
		{0241065C-7049-4BB9-8D0B-4A6EC11940EE}.Debug|Any CPU.Build.0 = Debug|Any CPU
		{0241065C-7049-4BB9-8D0B-4A6EC11940EE}.Debug|x64.ActiveCfg = Debug|Any CPU
		{0241065C-7049-4BB9-8D0B-4A6EC11940EE}.Debug|x64.Build.0 = Debug|Any CPU
		{0241065C-7049-4BB9-8D0B-4A6EC11940EE}.Debug|x86.ActiveCfg = Debug|Any CPU
		{0241065C-7049-4BB9-8D0B-4A6EC11940EE}.Debug|x86.Build.0 = Debug|Any CPU
		{0241065C-7049-4BB9-8D0B-4A6EC11940EE}.Release|Any CPU.ActiveCfg = Release|Any CPU
		{0241065C-7049-4BB9-8D0B-4A6EC11940EE}.Release|Any CPU.Build.0 = Release|Any CPU
		{0241065C-7049-4BB9-8D0B-4A6EC11940EE}.Release|x64.ActiveCfg = Release|Any CPU
		{0241065C-7049-4BB9-8D0B-4A6EC11940EE}.Release|x64.Build.0 = Release|Any CPU
		{0241065C-7049-4BB9-8D0B-4A6EC11940EE}.Release|x86.ActiveCfg = Release|Any CPU
		{0241065C-7049-4BB9-8D0B-4A6EC11940EE}.Release|x86.Build.0 = Release|Any CPU
		{8DC82410-10C0-40E7-8F38-B73D939F16C1}.Debug|Any CPU.ActiveCfg = Debug|Any CPU
		{8DC82410-10C0-40E7-8F38-B73D939F16C1}.Debug|Any CPU.Build.0 = Debug|Any CPU
		{8DC82410-10C0-40E7-8F38-B73D939F16C1}.Debug|x64.ActiveCfg = Debug|Any CPU
		{8DC82410-10C0-40E7-8F38-B73D939F16C1}.Debug|x64.Build.0 = Debug|Any CPU
		{8DC82410-10C0-40E7-8F38-B73D939F16C1}.Debug|x86.ActiveCfg = Debug|Any CPU
		{8DC82410-10C0-40E7-8F38-B73D939F16C1}.Debug|x86.Build.0 = Debug|Any CPU
		{8DC82410-10C0-40E7-8F38-B73D939F16C1}.Release|Any CPU.ActiveCfg = Release|Any CPU
		{8DC82410-10C0-40E7-8F38-B73D939F16C1}.Release|Any CPU.Build.0 = Release|Any CPU
		{8DC82410-10C0-40E7-8F38-B73D939F16C1}.Release|x64.ActiveCfg = Release|Any CPU
		{8DC82410-10C0-40E7-8F38-B73D939F16C1}.Release|x64.Build.0 = Release|Any CPU
		{8DC82410-10C0-40E7-8F38-B73D939F16C1}.Release|x86.ActiveCfg = Release|Any CPU
		{8DC82410-10C0-40E7-8F38-B73D939F16C1}.Release|x86.Build.0 = Release|Any CPU
		{0297D7F8-302E-4607-A59E-79BC446AECF7}.Debug|Any CPU.ActiveCfg = Debug|Any CPU
		{0297D7F8-302E-4607-A59E-79BC446AECF7}.Debug|Any CPU.Build.0 = Debug|Any CPU
		{0297D7F8-302E-4607-A59E-79BC446AECF7}.Debug|x64.ActiveCfg = Debug|Any CPU
		{0297D7F8-302E-4607-A59E-79BC446AECF7}.Debug|x64.Build.0 = Debug|Any CPU
		{0297D7F8-302E-4607-A59E-79BC446AECF7}.Debug|x86.ActiveCfg = Debug|Any CPU
		{0297D7F8-302E-4607-A59E-79BC446AECF7}.Debug|x86.Build.0 = Debug|Any CPU
		{0297D7F8-302E-4607-A59E-79BC446AECF7}.Release|Any CPU.ActiveCfg = Release|Any CPU
		{0297D7F8-302E-4607-A59E-79BC446AECF7}.Release|Any CPU.Build.0 = Release|Any CPU
		{0297D7F8-302E-4607-A59E-79BC446AECF7}.Release|x64.ActiveCfg = Release|Any CPU
		{0297D7F8-302E-4607-A59E-79BC446AECF7}.Release|x64.Build.0 = Release|Any CPU
		{0297D7F8-302E-4607-A59E-79BC446AECF7}.Release|x86.ActiveCfg = Release|Any CPU
		{0297D7F8-302E-4607-A59E-79BC446AECF7}.Release|x86.Build.0 = Release|Any CPU
		{E4B5E78C-9F1D-49E6-BC04-1F0D881722B3}.Debug|Any CPU.ActiveCfg = Debug|Any CPU
		{E4B5E78C-9F1D-49E6-BC04-1F0D881722B3}.Debug|Any CPU.Build.0 = Debug|Any CPU
		{E4B5E78C-9F1D-49E6-BC04-1F0D881722B3}.Debug|x64.ActiveCfg = Debug|Any CPU
		{E4B5E78C-9F1D-49E6-BC04-1F0D881722B3}.Debug|x64.Build.0 = Debug|Any CPU
		{E4B5E78C-9F1D-49E6-BC04-1F0D881722B3}.Debug|x86.ActiveCfg = Debug|Any CPU
		{E4B5E78C-9F1D-49E6-BC04-1F0D881722B3}.Debug|x86.Build.0 = Debug|Any CPU
		{E4B5E78C-9F1D-49E6-BC04-1F0D881722B3}.Release|Any CPU.ActiveCfg = Release|Any CPU
		{E4B5E78C-9F1D-49E6-BC04-1F0D881722B3}.Release|Any CPU.Build.0 = Release|Any CPU
		{E4B5E78C-9F1D-49E6-BC04-1F0D881722B3}.Release|x64.ActiveCfg = Release|Any CPU
		{E4B5E78C-9F1D-49E6-BC04-1F0D881722B3}.Release|x64.Build.0 = Release|Any CPU
		{E4B5E78C-9F1D-49E6-BC04-1F0D881722B3}.Release|x86.ActiveCfg = Release|Any CPU
		{E4B5E78C-9F1D-49E6-BC04-1F0D881722B3}.Release|x86.Build.0 = Release|Any CPU
	EndGlobalSection
	GlobalSection(SolutionProperties) = preSolution
		HideSolutionNode = FALSE
	EndGlobalSection
	GlobalSection(NestedProjects) = preSolution
		{022BA0DE-E1BC-4AF6-A2C8-EC2BF526A20C} = {827E0CD3-B72D-47B6-A68D-7590B98EB39B}
		{90C7D601-8CB5-488F-A3AC-762E5B7D700E} = {0AB3BF05-4346-4AA6-1389-037BE0695223}
		{0241065C-7049-4BB9-8D0B-4A6EC11940EE} = {0AB3BF05-4346-4AA6-1389-037BE0695223}
		{8DC82410-10C0-40E7-8F38-B73D939F16C1} = {827E0CD3-B72D-47B6-A68D-7590B98EB39B}
		{0297D7F8-302E-4607-A59E-79BC446AECF7} = {827E0CD3-B72D-47B6-A68D-7590B98EB39B}
		{E4B5E78C-9F1D-49E6-BC04-1F0D881722B3} = {827E0CD3-B72D-47B6-A68D-7590B98EB39B}
	EndGlobalSection
EndGlobal
